// !$*UTF8*$!
{
	archiveVersion = 1;
	classes = {
	};
	objectVersion = 46;
	objects = {

/* Begin PBXBuildFile section */
		9297F33F1A122027002C2850 /* AppDelegate.swift in Sources */ = {isa = PBXBuildFile; fileRef = 9297F33E1A122027002C2850 /* AppDelegate.swift */; };
		9297F3411A122027002C2850 /* ViewController.swift in Sources */ = {isa = PBXBuildFile; fileRef = 9297F3401A122027002C2850 /* ViewController.swift */; };
		9297F3441A122027002C2850 /* Main.storyboard in Resources */ = {isa = PBXBuildFile; fileRef = 9297F3421A122027002C2850 /* Main.storyboard */; };
		9297F3461A122027002C2850 /* Images.xcassets in Resources */ = {isa = PBXBuildFile; fileRef = 9297F3451A122027002C2850 /* Images.xcassets */; };
		9297F3491A122027002C2850 /* LaunchScreen.xib in Resources */ = {isa = PBXBuildFile; fileRef = 9297F3471A122027002C2850 /* LaunchScreen.xib */; };
		9297F3551A122027002C2850 /* testTests.swift in Sources */ = {isa = PBXBuildFile; fileRef = 9297F3541A122027002C2850 /* testTests.swift */; };
/* End PBXBuildFile section */

/* Begin PBXContainerItemProxy section */
		9297F34F1A122027002C2850 /* PBXContainerItemProxy */ = {
			isa = PBXContainerItemProxy;
			containerPortal = 9297F3311A122027002C2850 /* Project object */;
			proxyType = 1;
			remoteGlobalIDString = 9297F3381A122027002C2850;
			remoteInfo = test;
		};
/* End PBXContainerItemProxy section */

/* Begin PBXFileReference section */
		9297F3391A122027002C2850 /* test.app */ = {isa = PBXFileReference; explicitFileType = wrapper.application; includeInIndex = 0; path = test.app; sourceTree = BUILT_PRODUCTS_DIR; };
		9297F33D1A122027002C2850 /* Info.plist */ = {isa = PBXFileReference; lastKnownFileType = text.plist.xml; path = Info.plist; sourceTree = "<group>"; };
		9297F33E1A122027002C2850 /* AppDelegate.swift */ = {isa = PBXFileReference; lastKnownFileType = sourcecode.swift; path = AppDelegate.swift; sourceTree = "<group>"; };
		9297F3401A122027002C2850 /* ViewController.swift */ = {isa = PBXFileReference; lastKnownFileType = sourcecode.swift; path = ViewController.swift; sourceTree = "<group>"; };
		9297F3431A122027002C2850 /* Base */ = {isa = PBXFileReference; lastKnownFileType = file.storyboard; name = Base; path = Base.lproj/Main.storyboard; sourceTree = "<group>"; };
		9297F3451A122027002C2850 /* Images.xcassets */ = {isa = PBXFileReference; lastKnownFileType = folder.assetcatalog; path = Images.xcassets; sourceTree = "<group>"; };
		9297F3481A122027002C2850 /* Base */ = {isa = PBXFileReference; lastKnownFileType = file.xib; name = Base; path = Base.lproj/LaunchScreen.xib; sourceTree = "<group>"; };
		9297F34E1A122027002C2850 /* testTests.xctest */ = {isa = PBXFileReference; explicitFileType = wrapper.cfbundle; includeInIndex = 0; path = testTests.xctest; sourceTree = BUILT_PRODUCTS_DIR; };
		9297F3531A122027002C2850 /* Info.plist */ = {isa = PBXFileReference; lastKnownFileType = text.plist.xml; path = Info.plist; sourceTree = "<group>"; };
		9297F3541A122027002C2850 /* testTests.swift */ = {isa = PBXFileReference; lastKnownFileType = sourcecode.swift; path = testTests.swift; sourceTree = "<group>"; };
/* End PBXFileReference section */

/* Begin PBXFrameworksBuildPhase section */
		9297F3361A122027002C2850 /* Frameworks */ = {
			isa = PBXFrameworksBuildPhase;
			buildActionMask = 2147483647;
			files = (
			);
			runOnlyForDeploymentPostprocessing = 0;
		};
		9297F34B1A122027002C2850 /* Frameworks */ = {
			isa = PBXFrameworksBuildPhase;
			buildActionMask = 2147483647;
			files = (
			);
			runOnlyForDeploymentPostprocessing = 0;
		};
/* End PBXFrameworksBuildPhase section */

/* Begin PBXGroup section */
		9297F3301A122027002C2850 = {
			isa = PBXGroup;
			children = (
				9297F33B1A122027002C2850 /* test */,
				9297F3511A122027002C2850 /* testTests */,
				9297F33A1A122027002C2850 /* Products */,
			);
			sourceTree = "<group>";
		};
		9297F33A1A122027002C2850 /* Products */ = {
			isa = PBXGroup;
			children = (
				9297F3391A122027002C2850 /* test.app */,
				9297F34E1A122027002C2850 /* testTests.xctest */,
			);
			name = Products;
			sourceTree = "<group>";
		};
		9297F33B1A122027002C2850 /* test */ = {
			isa = PBXGroup;
			children = (
				9297F33E1A122027002C2850 /* AppDelegate.swift */,
				9297F3401A122027002C2850 /* ViewController.swift */,
				9297F3421A122027002C2850 /* Main.storyboard */,
				9297F3451A122027002C2850 /* Images.xcassets */,
				9297F3471A122027002C2850 /* LaunchScreen.xib */,
				9297F33C1A122027002C2850 /* Supporting Files */,
			);
			path = test;
			sourceTree = "<group>";
		};
		9297F33C1A122027002C2850 /* Supporting Files */ = {
			isa = PBXGroup;
			children = (
				9297F33D1A122027002C2850 /* Info.plist */,
			);
			name = "Supporting Files";
			sourceTree = "<group>";
		};
		9297F3511A122027002C2850 /* testTests */ = {
			isa = PBXGroup;
			children = (
				9297F3541A122027002C2850 /* testTests.swift */,
				9297F3521A122027002C2850 /* Supporting Files */,
			);
			path = testTests;
			sourceTree = "<group>";
		};
		9297F3521A122027002C2850 /* Supporting Files */ = {
			isa = PBXGroup;
			children = (
				9297F3531A122027002C2850 /* Info.plist */,
			);
			name = "Supporting Files";
			sourceTree = "<group>";
		};
/* End PBXGroup section */

/* Begin PBXNativeTarget section */
		9297F3381A122027002C2850 /* test */ = {
			isa = PBXNativeTarget;
			buildConfigurationList = 9297F3581A122027002C2850 /* Build configuration list for PBXNativeTarget "test" */;
			buildPhases = (
				9297F3351A122027002C2850 /* Sources */,
				9297F3361A122027002C2850 /* Frameworks */,
				9297F3371A122027002C2850 /* Resources */,
			);
			buildRules = (
			);
			dependencies = (
			);
			name = test;
			productName = test;
			productReference = 9297F3391A122027002C2850 /* test.app */;
			productType = "com.apple.product-type.application";
		};
		9297F34D1A122027002C2850 /* testTests */ = {
			isa = PBXNativeTarget;
			buildConfigurationList = 9297F35B1A122027002C2850 /* Build configuration list for PBXNativeTarget "testTests" */;
			buildPhases = (
				9297F34A1A122027002C2850 /* Sources */,
				9297F34B1A122027002C2850 /* Frameworks */,
				9297F34C1A122027002C2850 /* Resources */,
			);
			buildRules = (
			);
			dependencies = (
				9297F3501A122027002C2850 /* PBXTargetDependency */,
			);
			name = testTests;
			productName = testTests;
			productReference = 9297F34E1A122027002C2850 /* testTests.xctest */;
			productType = "com.apple.product-type.bundle.unit-test";
		};
/* End PBXNativeTarget section */

/* Begin PBXProject section */
		9297F3311A122027002C2850 /* Project object */ = {
			isa = PBXProject;
			attributes = {
				LastUpgradeCheck = 0610;
				ORGANIZATIONNAME = test;
				TargetAttributes = {
					9297F3381A122027002C2850 = {
						CreatedOnToolsVersion = 6.1;
					};
					9297F34D1A122027002C2850 = {
						CreatedOnToolsVersion = 6.1;
						TestTargetID = 9297F3381A122027002C2850;
					};
				};
			};
			buildConfigurationList = 9297F3341A122027002C2850 /* Build configuration list for PBXProject "test" */;
			compatibilityVersion = "Xcode 3.2";
			developmentRegion = English;
			hasScannedForEncodings = 0;
			knownRegions = (
				en,
				Base,
			);
			mainGroup = 9297F3301A122027002C2850;
			productRefGroup = 9297F33A1A122027002C2850 /* Products */;
			projectDirPath = "";
			projectRoot = "";
			targets = (
				9297F3381A122027002C2850 /* test */,
				9297F34D1A122027002C2850 /* testTests */,
			);
		};
/* End PBXProject section */

/* Begin PBXResourcesBuildPhase section */
		9297F3371A122027002C2850 /* Resources */ = {
			isa = PBXResourcesBuildPhase;
			buildActionMask = 2147483647;
			files = (
				9297F3441A122027002C2850 /* Main.storyboard in Resources */,
				9297F3491A122027002C2850 /* LaunchScreen.xib in Resources */,
				9297F3461A122027002C2850 /* Images.xcassets in Resources */,
			);
			runOnlyForDeploymentPostprocessing = 0;
		};
		9297F34C1A122027002C2850 /* Resources */ = {
			isa = PBXResourcesBuildPhase;
			buildActionMask = 2147483647;
			files = (
			);
			runOnlyForDeploymentPostprocessing = 0;
		};
/* End PBXResourcesBuildPhase section */

/* Begin PBXSourcesBuildPhase section */
		9297F3351A122027002C2850 /* Sources */ = {
			isa = PBXSourcesBuildPhase;
			buildActionMask = 2147483647;
			files = (
				9297F3411A122027002C2850 /* ViewController.swift in Sources */,
				9297F33F1A122027002C2850 /* AppDelegate.swift in Sources */,
			);
			runOnlyForDeploymentPostprocessing = 0;
		};
		9297F34A1A122027002C2850 /* Sources */ = {
			isa = PBXSourcesBuildPhase;
			buildActionMask = 2147483647;
			files = (
				9297F3551A122027002C2850 /* testTests.swift in Sources */,
			);
			runOnlyForDeploymentPostprocessing = 0;
		};
/* End PBXSourcesBuildPhase section */

/* Begin PBXTargetDependency section */
		9297F3501A122027002C2850 /* PBXTargetDependency */ = {
			isa = PBXTargetDependency;
			target = 9297F3381A122027002C2850 /* test */;
			targetProxy = 9297F34F1A122027002C2850 /* PBXContainerItemProxy */;
		};
/* End PBXTargetDependency section */

/* Begin PBXVariantGroup section */
		9297F3421A122027002C2850 /* Main.storyboard */ = {
			isa = PBXVariantGroup;
			children = (
				9297F3431A122027002C2850 /* Base */,
			);
			name = Main.storyboard;
			sourceTree = "<group>";
		};
		9297F3471A122027002C2850 /* LaunchScreen.xib */ = {
			isa = PBXVariantGroup;
			children = (
				9297F3481A122027002C2850 /* Base */,
			);
			name = LaunchScreen.xib;
			sourceTree = "<group>";
		};
/* End PBXVariantGroup section */

/* Begin XCBuildConfiguration section */
		9297F3561A122027002C2850 /* Debug */ = {
			isa = XCBuildConfiguration;
			buildSettings = {
				ALWAYS_SEARCH_USER_PATHS = NO;
				CLANG_CXX_LANGUAGE_STANDARD = "gnu++0x";
				CLANG_CXX_LIBRARY = "libc++";
				CLANG_ENABLE_MODULES = YES;
				CLANG_ENABLE_OBJC_ARC = YES;
				CLANG_WARN_BOOL_CONVERSION = YES;
				CLANG_WARN_CONSTANT_CONVERSION = YES;
				CLANG_WARN_DIRECT_OBJC_ISA_USAGE = YES_ERROR;
				CLANG_WARN_EMPTY_BODY = YES;
				CLANG_WARN_ENUM_CONVERSION = YES;
				CLANG_WARN_INT_CONVERSION = YES;
				CLANG_WARN_OBJC_ROOT_CLASS = YES_ERROR;
				CLANG_WARN_UNREACHABLE_CODE = YES;
				CLANG_WARN__DUPLICATE_METHOD_MATCH = YES;
				"CODE_SIGN_IDENTITY[sdk=iphoneos*]" = "iPhone Developer";
				COPY_PHASE_STRIP = NO;
				ENABLE_STRICT_OBJC_MSGSEND = YES;
				GCC_C_LANGUAGE_STANDARD = gnu99;
				GCC_DYNAMIC_NO_PIC = NO;
				GCC_OPTIMIZATION_LEVEL = 0;
				GCC_PREPROCESSOR_DEFINITIONS = (
					"DEBUG=1",
					"$(inherited)",
				);
				GCC_SYMBOLS_PRIVATE_EXTERN = NO;
				GCC_WARN_64_TO_32_BIT_CONVERSION = YES;
				GCC_WARN_ABOUT_RETURN_TYPE = YES_ERROR;
				GCC_WARN_UNDECLARED_SELECTOR = YES;
				GCC_WARN_UNINITIALIZED_AUTOS = YES_AGGRESSIVE;
				GCC_WARN_UNUSED_FUNCTION = YES;
				GCC_WARN_UNUSED_VARIABLE = YES;
				IPHONEOS_DEPLOYMENT_TARGET = 8.1;
				MTL_ENABLE_DEBUG_INFO = YES;
				ONLY_ACTIVE_ARCH = YES;
				SDKROOT = iphoneos;
				SWIFT_OPTIMIZATION_LEVEL = "-Onone";
				TARGETED_DEVICE_FAMILY = "1,2";
			};
			name = Debug;
		};
		9297F3571A122027002C2850 /* Release */ = {
			isa = XCBuildConfiguration;
			buildSettings = {
				ALWAYS_SEARCH_USER_PATHS = NO;
				CLANG_CXX_LANGUAGE_STANDARD = "gnu++0x";
				CLANG_CXX_LIBRARY = "libc++";
				CLANG_ENABLE_MODULES = YES;
				CLANG_ENABLE_OBJC_ARC = YES;
				CLANG_WARN_BOOL_CONVERSION = YES;
				CLANG_WARN_CONSTANT_CONVERSION = YES;
				CLANG_WARN_DIRECT_OBJC_ISA_USAGE = YES_ERROR;
				CLANG_WARN_EMPTY_BODY = YES;
				CLANG_WARN_ENUM_CONVERSION = YES;
				CLANG_WARN_INT_CONVERSION = YES;
				CLANG_WARN_OBJC_ROOT_CLASS = YES_ERROR;
				CLANG_WARN_UNREACHABLE_CODE = YES;
				CLANG_WARN__DUPLICATE_METHOD_MATCH = YES;
				"CODE_SIGN_IDENTITY[sdk=iphoneos*]" = "iPhone Developer";
				COPY_PHASE_STRIP = YES;
				ENABLE_NS_ASSERTIONS = NO;
				ENABLE_STRICT_OBJC_MSGSEND = YES;
				GCC_C_LANGUAGE_STANDARD = gnu99;
				GCC_WARN_64_TO_32_BIT_CONVERSION = YES;
				GCC_WARN_ABOUT_RETURN_TYPE = YES_ERROR;
				GCC_WARN_UNDECLARED_SELECTOR = YES;
				GCC_WARN_UNINITIALIZED_AUTOS = YES_AGGRESSIVE;
				GCC_WARN_UNUSED_FUNCTION = YES;
				GCC_WARN_UNUSED_VARIABLE = YES;
				IPHONEOS_DEPLOYMENT_TARGET = 8.1;
				MTL_ENABLE_DEBUG_INFO = NO;
				SDKROOT = iphoneos;
				TARGETED_DEVICE_FAMILY = "1,2";
				VALIDATE_PRODUCT = YES;
			};
			name = Release;
		};
		9297F3591A122027002C2850 /* Debug */ = {
			isa = XCBuildConfiguration;
			buildSettings = {
				ASSETCATALOG_COMPILER_APPICON_NAME = AppIcon;
				INFOPLIST_FILE = test/Info.plist;
				LD_RUNPATH_SEARCH_PATHS = "$(inherited) @executable_path/Frameworks";
				PRODUCT_NAME = "$(TARGET_NAME)";
			};
			name = Debug;
		};
		9297F35A1A122027002C2850 /* Release */ = {
			isa = XCBuildConfiguration;
			buildSettings = {
				ASSETCATALOG_COMPILER_APPICON_NAME = AppIcon;
				INFOPLIST_FILE = test/Info.plist;
				LD_RUNPATH_SEARCH_PATHS = "$(inherited) @executable_path/Frameworks";
				PRODUCT_NAME = "$(TARGET_NAME)";
			};
			name = Release;
		};
		9297F35C1A122027002C2850 /* Debug */ = {
			isa = XCBuildConfiguration;
			buildSettings = {
				BUNDLE_LOADER = "$(TEST_HOST)";
				FRAMEWORK_SEARCH_PATHS = (
					"$(SDKROOT)/Developer/Library/Frameworks",
					"$(inherited)",
				);
				GCC_PREPROCESSOR_DEFINITIONS = (
					"DEBUG=1",
					"$(inherited)",
				);
				INFOPLIST_FILE = testTests/Info.plist;
				LD_RUNPATH_SEARCH_PATHS = "$(inherited) @executable_path/Frameworks @loader_path/Frameworks";
				PRODUCT_NAME = "$(TARGET_NAME)";
				TEST_HOST = "$(BUILT_PRODUCTS_DIR)/test.app/test";
			};
			name = Debug;
		};
		9297F35D1A122027002C2850 /* Release */ = {
			isa = XCBuildConfiguration;
			buildSettings = {
				BUNDLE_LOADER = "$(TEST_HOST)";
				FRAMEWORK_SEARCH_PATHS = (
					"$(SDKROOT)/Developer/Library/Frameworks",
					"$(inherited)",
				);
				INFOPLIST_FILE = testTests/Info.plist;
				LD_RUNPATH_SEARCH_PATHS = "$(inherited) @executable_path/Frameworks @loader_path/Frameworks";
				PRODUCT_NAME = "$(TARGET_NAME)";
				TEST_HOST = "$(BUILT_PRODUCTS_DIR)/test.app/test";
			};
			name = Release;
		};
/* End XCBuildConfiguration section */

/* Begin XCConfigurationList section */
		9297F3341A122027002C2850 /* Build configuration list for PBXProject "test" */ = {
			isa = XCConfigurationList;
			buildConfigurations = (
				9297F3561A122027002C2850 /* Debug */,
				9297F3571A122027002C2850 /* Release */,
			);
			defaultConfigurationIsVisible = 0;
			defaultConfigurationName = Release;
		};
		9297F3581A122027002C2850 /* Build configuration list for PBXNativeTarget "test" */ = {
			isa = XCConfigurationList;
			buildConfigurations = (
				9297F3591A122027002C2850 /* Debug */,
				9297F35A1A122027002C2850 /* Release */,
			);
			defaultConfigurationIsVisible = 0;
		};
		9297F35B1A122027002C2850 /* Build configuration list for PBXNativeTarget "testTests" */ = {
			isa = XCConfigurationList;
			buildConfigurations = (
				9297F35C1A122027002C2850 /* Debug */,
				9297F35D1A122027002C2850 /* Release */,
			);
			defaultConfigurationIsVisible = 0;
		};
/* End XCConfigurationList section */
	};
	rootObject = 9297F3311A122027002C2850 /* Project object */;
}
